
Microsoft Visual Studio Solution File, Format Version 12.00
# Visual Studio 2012
Project("{D954291E-2A0B-460D-934E-DC6B0785DB48}") = "PhotoMagic", "PhotoMagic\PhotoMagic.shproj", "{3B34F686-0289-44CF-9280-CB2553EA19FD}"
EndProject
Project("{FAE04EC0-301F-11D3-BF4B-00C04F79EFBC}") = "PhotoMagic.iOS", "iOS\PhotoMagic.iOS.csproj", "{C73B7847-748B-4751-A8F9-CD34BB8FCD2B}"
EndProject
Project("{FAE04EC0-301F-11D3-BF4B-00C04F79EFBC}") = "PhotoMagic.Droid", "Droid\PhotoMagic.Droid.csproj", "{E90369C0-B9C3-4CD0-951B-7863BD9DF906}"
EndProject
Project("{FAE04EC0-301F-11D3-BF4B-00C04F79EFBC}") = "PhotoMagic.UITests", "UITests\PhotoMagic.UITests.csproj", "{C34EF099-778E-420E-B050-BD9E64308F1E}"
EndProject
Global
	GlobalSection(SolutionConfigurationPlatforms) = preSolution
		Debug|iPhoneSimulator = Debug|iPhoneSimulator
		Release|iPhone = Release|iPhone
		Release|iPhoneSimulator = Release|iPhoneSimulator
		Debug|iPhone = Debug|iPhone
		Debug|Any CPU = Debug|Any CPU
		Release|Any CPU = Release|Any CPU
	EndGlobalSection
	GlobalSection(ProjectConfigurationPlatforms) = postSolution
		{C73B7847-748B-4751-A8F9-CD34BB8FCD2B}.Debug|iPhoneSimulator.ActiveCfg = Debug|iPhoneSimulator
		{C73B7847-748B-4751-A8F9-CD34BB8FCD2B}.Debug|iPhoneSimulator.Build.0 = Debug|iPhoneSimulator
		{C73B7847-748B-4751-A8F9-CD34BB8FCD2B}.Release|iPhone.ActiveCfg = Release|iPhone
		{C73B7847-748B-4751-A8F9-CD34BB8FCD2B}.Release|iPhone.Build.0 = Release|iPhone
		{C73B7847-748B-4751-A8F9-CD34BB8FCD2B}.Release|iPhoneSimulator.ActiveCfg = Release|iPhoneSimulator
		{C73B7847-748B-4751-A8F9-CD34BB8FCD2B}.Release|iPhoneSimulator.Build.0 = Release|iPhoneSimulator
		{C73B7847-748B-4751-A8F9-CD34BB8FCD2B}.Debug|iPhone.ActiveCfg = Debug|iPhone
		{C73B7847-748B-4751-A8F9-CD34BB8FCD2B}.Debug|iPhone.Build.0 = Debug|iPhone
		{C73B7847-748B-4751-A8F9-CD34BB8FCD2B}.Debug|Any CPU.ActiveCfg = Debug|iPhoneSimulator
		{C73B7847-748B-4751-A8F9-CD34BB8FCD2B}.Debug|Any CPU.Build.0 = Debug|iPhoneSimulator
		{C73B7847-748B-4751-A8F9-CD34BB8FCD2B}.Release|Any CPU.ActiveCfg = Release|iPhone
		{C73B7847-748B-4751-A8F9-CD34BB8FCD2B}.Release|Any CPU.Build.0 = Release|iPhone
		{E90369C0-B9C3-4CD0-951B-7863BD9DF906}.Debug|iPhoneSimulator.ActiveCfg = Debug|Any CPU
		{E90369C0-B9C3-4CD0-951B-7863BD9DF906}.Debug|iPhoneSimulator.Build.0 = Debug|Any CPU
		{E90369C0-B9C3-4CD0-951B-7863BD9DF906}.Release|iPhone.ActiveCfg = Release|Any CPU
		{E90369C0-B9C3-4CD0-951B-7863BD9DF906}.Release|iPhone.Build.0 = Release|Any CPU
		{E90369C0-B9C3-4CD0-951B-7863BD9DF906}.Release|iPhoneSimulator.ActiveCfg = Release|Any CPU
		{E90369C0-B9C3-4CD0-951B-7863BD9DF906}.Release|iPhoneSimulator.Build.0 = Release|Any CPU
		{E90369C0-B9C3-4CD0-951B-7863BD9DF906}.Debug|iPhone.ActiveCfg = Debug|Any CPU
		{E90369C0-B9C3-4CD0-951B-7863BD9DF906}.Debug|iPhone.Build.0 = Debug|Any CPU
		{E90369C0-B9C3-4CD0-951B-7863BD9DF906}.Debug|Any CPU.ActiveCfg = Debug|Any CPU
		{E90369C0-B9C3-4CD0-951B-7863BD9DF906}.Debug|Any CPU.Build.0 = Debug|Any CPU
		{E90369C0-B9C3-4CD0-951B-7863BD9DF906}.Release|Any CPU.ActiveCfg = Release|Any CPU
		{E90369C0-B9C3-4CD0-951B-7863BD9DF906}.Release|Any CPU.Build.0 = Release|Any CPU
		{C34EF099-778E-420E-B050-BD9E64308F1E}.Debug|iPhoneSimulator.ActiveCfg = Debug|Any CPU
		{C34EF099-778E-420E-B050-BD9E64308F1E}.Debug|iPhoneSimulator.Build.0 = Debug|Any CPU
		{C34EF099-778E-420E-B050-BD9E64308F1E}.Release|iPhone.ActiveCfg = Release|Any CPU
		{C34EF099-778E-420E-B050-BD9E64308F1E}.Release|iPhone.Build.0 = Release|Any CPU
		{C34EF099-778E-420E-B050-BD9E64308F1E}.Release|iPhoneSimulator.ActiveCfg = Release|Any CPU
		{C34EF099-778E-420E-B050-BD9E64308F1E}.Release|iPhoneSimulator.Build.0 = Release|Any CPU
		{C34EF099-778E-420E-B050-BD9E64308F1E}.Debug|iPhone.ActiveCfg = Debug|Any CPU
		{C34EF099-778E-420E-B050-BD9E64308F1E}.Debug|iPhone.Build.0 = Debug|Any CPU
		{C34EF099-778E-420E-B050-BD9E64308F1E}.Debug|Any CPU.ActiveCfg = Debug|Any CPU
		{C34EF099-778E-420E-B050-BD9E64308F1E}.Debug|Any CPU.Build.0 = Debug|Any CPU
		{C34EF099-778E-420E-B050-BD9E64308F1E}.Release|Any CPU.ActiveCfg = Release|Any CPU
		{C34EF099-778E-420E-B050-BD9E64308F1E}.Release|Any CPU.Build.0 = Release|Any CPU
	EndGlobalSection
EndGlobal
