
Microsoft Visual Studio Solution File, Format Version 12.00
# Visual Studio 2012
Project("{FAE04EC0-301F-11D3-BF4B-00C04F79EFBC}") = "PhotoMagic", "PhotoMagic\PhotoMagic.csproj", "{8CC22D54-536C-4056-B3BF-1342DC8CF484}"
EndProject
Project("{FAE04EC0-301F-11D3-BF4B-00C04F79EFBC}") = "PhotoMagic.iOS", "iOS\PhotoMagic.iOS.csproj", "{01E1AFC3-BA72-400A-BF68-3012DDD133FF}"
EndProject
Project("{FAE04EC0-301F-11D3-BF4B-00C04F79EFBC}") = "PhotoMagic.Droid", "Droid\PhotoMagic.Droid.csproj", "{0F4D87AB-2C45-448B-838E-36677ED66A9B}"
EndProject
Project("{FAE04EC0-301F-11D3-BF4B-00C04F79EFBC}") = "PhotoMagic.UITests", "UITests\PhotoMagic.UITests.csproj", "{A03D130B-7528-4B8F-9114-548A41A9AEC5}"
EndProject
Project("{FAE04EC0-301F-11D3-BF4B-00C04F79EFBC}") = "PhotoUtils", "PhotoUtils\PhotoUtils.csproj", "{E37CBAC8-DC95-48BD-93F3-E66B3B405CEB}"
EndProject
Global
	GlobalSection(SolutionConfigurationPlatforms) = preSolution
		Debug|Any CPU = Debug|Any CPU
		Release|Any CPU = Release|Any CPU
		Debug|iPhoneSimulator = Debug|iPhoneSimulator
		Release|iPhone = Release|iPhone
		Release|iPhoneSimulator = Release|iPhoneSimulator
		Debug|iPhone = Debug|iPhone
	EndGlobalSection
	GlobalSection(ProjectConfigurationPlatforms) = postSolution
		{8CC22D54-536C-4056-B3BF-1342DC8CF484}.Debug|Any CPU.ActiveCfg = Debug|Any CPU
		{8CC22D54-536C-4056-B3BF-1342DC8CF484}.Debug|Any CPU.Build.0 = Debug|Any CPU
		{8CC22D54-536C-4056-B3BF-1342DC8CF484}.Release|Any CPU.ActiveCfg = Release|Any CPU
		{8CC22D54-536C-4056-B3BF-1342DC8CF484}.Release|Any CPU.Build.0 = Release|Any CPU
		{8CC22D54-536C-4056-B3BF-1342DC8CF484}.Debug|iPhoneSimulator.ActiveCfg = Debug|Any CPU
		{8CC22D54-536C-4056-B3BF-1342DC8CF484}.Debug|iPhoneSimulator.Build.0 = Debug|Any CPU
		{8CC22D54-536C-4056-B3BF-1342DC8CF484}.Release|iPhone.ActiveCfg = Release|Any CPU
		{8CC22D54-536C-4056-B3BF-1342DC8CF484}.Release|iPhone.Build.0 = Release|Any CPU
		{8CC22D54-536C-4056-B3BF-1342DC8CF484}.Release|iPhoneSimulator.ActiveCfg = Release|Any CPU
		{8CC22D54-536C-4056-B3BF-1342DC8CF484}.Release|iPhoneSimulator.Build.0 = Release|Any CPU
		{8CC22D54-536C-4056-B3BF-1342DC8CF484}.Debug|iPhone.ActiveCfg = Debug|Any CPU
		{8CC22D54-536C-4056-B3BF-1342DC8CF484}.Debug|iPhone.Build.0 = Debug|Any CPU
		{01E1AFC3-BA72-400A-BF68-3012DDD133FF}.Debug|Any CPU.ActiveCfg = Debug|iPhoneSimulator
		{01E1AFC3-BA72-400A-BF68-3012DDD133FF}.Debug|Any CPU.Build.0 = Debug|iPhoneSimulator
		{01E1AFC3-BA72-400A-BF68-3012DDD133FF}.Release|Any CPU.ActiveCfg = Release|iPhone
		{01E1AFC3-BA72-400A-BF68-3012DDD133FF}.Release|Any CPU.Build.0 = Release|iPhone
		{01E1AFC3-BA72-400A-BF68-3012DDD133FF}.Debug|iPhoneSimulator.ActiveCfg = Debug|iPhoneSimulator
		{01E1AFC3-BA72-400A-BF68-3012DDD133FF}.Debug|iPhoneSimulator.Build.0 = Debug|iPhoneSimulator
		{01E1AFC3-BA72-400A-BF68-3012DDD133FF}.Release|iPhone.ActiveCfg = Release|iPhone
		{01E1AFC3-BA72-400A-BF68-3012DDD133FF}.Release|iPhone.Build.0 = Release|iPhone
		{01E1AFC3-BA72-400A-BF68-3012DDD133FF}.Release|iPhoneSimulator.ActiveCfg = Release|iPhoneSimulator
		{01E1AFC3-BA72-400A-BF68-3012DDD133FF}.Release|iPhoneSimulator.Build.0 = Release|iPhoneSimulator
		{01E1AFC3-BA72-400A-BF68-3012DDD133FF}.Debug|iPhone.ActiveCfg = Debug|iPhone
		{01E1AFC3-BA72-400A-BF68-3012DDD133FF}.Debug|iPhone.Build.0 = Debug|iPhone
		{0F4D87AB-2C45-448B-838E-36677ED66A9B}.Debug|Any CPU.ActiveCfg = Debug|Any CPU
		{0F4D87AB-2C45-448B-838E-36677ED66A9B}.Debug|Any CPU.Build.0 = Debug|Any CPU
		{0F4D87AB-2C45-448B-838E-36677ED66A9B}.Release|Any CPU.ActiveCfg = Release|Any CPU
		{0F4D87AB-2C45-448B-838E-36677ED66A9B}.Release|Any CPU.Build.0 = Release|Any CPU
		{0F4D87AB-2C45-448B-838E-36677ED66A9B}.Debug|iPhoneSimulator.ActiveCfg = Debug|Any CPU
		{0F4D87AB-2C45-448B-838E-36677ED66A9B}.Debug|iPhoneSimulator.Build.0 = Debug|Any CPU
		{0F4D87AB-2C45-448B-838E-36677ED66A9B}.Release|iPhone.ActiveCfg = Release|Any CPU
		{0F4D87AB-2C45-448B-838E-36677ED66A9B}.Release|iPhone.Build.0 = Release|Any CPU
		{0F4D87AB-2C45-448B-838E-36677ED66A9B}.Release|iPhoneSimulator.ActiveCfg = Release|Any CPU
		{0F4D87AB-2C45-448B-838E-36677ED66A9B}.Release|iPhoneSimulator.Build.0 = Release|Any CPU
		{0F4D87AB-2C45-448B-838E-36677ED66A9B}.Debug|iPhone.ActiveCfg = Debug|Any CPU
		{0F4D87AB-2C45-448B-838E-36677ED66A9B}.Debug|iPhone.Build.0 = Debug|Any CPU
		{A03D130B-7528-4B8F-9114-548A41A9AEC5}.Debug|Any CPU.ActiveCfg = Debug|Any CPU
		{A03D130B-7528-4B8F-9114-548A41A9AEC5}.Debug|Any CPU.Build.0 = Debug|Any CPU
		{A03D130B-7528-4B8F-9114-548A41A9AEC5}.Release|Any CPU.ActiveCfg = Release|Any CPU
		{A03D130B-7528-4B8F-9114-548A41A9AEC5}.Release|Any CPU.Build.0 = Release|Any CPU
		{A03D130B-7528-4B8F-9114-548A41A9AEC5}.Debug|iPhoneSimulator.ActiveCfg = Debug|Any CPU
		{A03D130B-7528-4B8F-9114-548A41A9AEC5}.Debug|iPhoneSimulator.Build.0 = Debug|Any CPU
		{A03D130B-7528-4B8F-9114-548A41A9AEC5}.Release|iPhone.ActiveCfg = Release|Any CPU
		{A03D130B-7528-4B8F-9114-548A41A9AEC5}.Release|iPhone.Build.0 = Release|Any CPU
		{A03D130B-7528-4B8F-9114-548A41A9AEC5}.Release|iPhoneSimulator.ActiveCfg = Release|Any CPU
		{A03D130B-7528-4B8F-9114-548A41A9AEC5}.Release|iPhoneSimulator.Build.0 = Release|Any CPU
		{A03D130B-7528-4B8F-9114-548A41A9AEC5}.Debug|iPhone.ActiveCfg = Debug|Any CPU
		{A03D130B-7528-4B8F-9114-548A41A9AEC5}.Debug|iPhone.Build.0 = Debug|Any CPU
		{E37CBAC8-DC95-48BD-93F3-E66B3B405CEB}.Debug|Any CPU.ActiveCfg = Debug|Any CPU
		{E37CBAC8-DC95-48BD-93F3-E66B3B405CEB}.Debug|Any CPU.Build.0 = Debug|Any CPU
		{E37CBAC8-DC95-48BD-93F3-E66B3B405CEB}.Release|Any CPU.ActiveCfg = Release|Any CPU
		{E37CBAC8-DC95-48BD-93F3-E66B3B405CEB}.Release|Any CPU.Build.0 = Release|Any CPU
		{E37CBAC8-DC95-48BD-93F3-E66B3B405CEB}.Debug|iPhoneSimulator.ActiveCfg = Debug|Any CPU
		{E37CBAC8-DC95-48BD-93F3-E66B3B405CEB}.Debug|iPhoneSimulator.Build.0 = Debug|Any CPU
		{E37CBAC8-DC95-48BD-93F3-E66B3B405CEB}.Release|iPhone.ActiveCfg = Release|Any CPU
		{E37CBAC8-DC95-48BD-93F3-E66B3B405CEB}.Release|iPhone.Build.0 = Release|Any CPU
		{E37CBAC8-DC95-48BD-93F3-E66B3B405CEB}.Release|iPhoneSimulator.ActiveCfg = Release|Any CPU
		{E37CBAC8-DC95-48BD-93F3-E66B3B405CEB}.Release|iPhoneSimulator.Build.0 = Release|Any CPU
		{E37CBAC8-DC95-48BD-93F3-E66B3B405CEB}.Debug|iPhone.ActiveCfg = Debug|Any CPU
		{E37CBAC8-DC95-48BD-93F3-E66B3B405CEB}.Debug|iPhone.Build.0 = Debug|Any CPU
	EndGlobalSection
EndGlobal
